
Microsoft Visual Studio Solution File, Format Version 12.00
# Visual Studio Version 16
VisualStudioVersion = 16.0.31911.196
MinimumVisualStudioVersion = 10.0.40219.1
Project("{FAE04EC0-301F-11D3-BF4B-00C04F79EFBC}") = "GLT", "GLT\GLT.csproj", "{3B390005-A583-4801-B857-DE082065E13E}"
EndProject
Global
	GlobalSection(SolutionConfigurationPlatforms) = preSolution
		Debug|Any CPU = Debug|Any CPU
		Release|Any CPU = Release|Any CPU
	EndGlobalSection
	GlobalSection(ProjectConfigurationPlatforms) = postSolution
		{3B390005-A583-4801-B857-DE082065E13E}.Debug|Any CPU.ActiveCfg = Debug|Any CPU
		{3B390005-A583-4801-B857-DE082065E13E}.Debug|Any CPU.Build.0 = Debug|Any CPU
		{3B390005-A583-4801-B857-DE082065E13E}.Release|Any CPU.ActiveCfg = Release|Any CPU
		{3B390005-A583-4801-B857-DE082065E13E}.Release|Any CPU.Build.0 = Release|Any CPU
	EndGlobalSection
	GlobalSection(SolutionProperties) = preSolution
		HideSolutionNode = FALSE
	EndGlobalSection
	GlobalSection(ExtensibilityGlobals) = postSolution
		SolutionGuid = {6C49389C-5F7F-41F3-9058-3A031C1B60C6}
	EndGlobalSection
EndGlobal
